{
  "name": "lifestyle-articles-rails-capstone",
  "version": "0.1.0",
  "lockfileVersion": 1,
  "requires": true,
  "dependencies": {
    "@rails/actioncable": {
      "version": "6.1.0",
      "resolved": "https://registry.npmjs.org/@rails/actioncable/-/actioncable-6.1.0.tgz",
      "integrity": "sha512-eDgy+vcKN9RIzxmMBfSAe77rTj2cp6kJALiVQyKrW2O9EK2MdostOmP+99At/Dit3ur5+77NVnruxD7y14ZYFA=="
    },
    "@rails/activestorage": {
      "version": "6.1.0",
      "resolved": "https://registry.npmjs.org/@rails/activestorage/-/activestorage-6.1.0.tgz",
      "integrity": "sha512-47VbzNQ/45cjpcckP1eUkzh/V26kb+Qc6U8pEGbAhmNjF2/yfTzSefdHfubkz4NUSaapELqael0J3jhG8BWHsA==",
      "requires": {
        "spark-md5": "^3.0.0"
      }
    },
    "@rails/ujs": {
      "version": "6.1.0",
      "resolved": "https://registry.npmjs.org/@rails/ujs/-/ujs-6.1.0.tgz",
      "integrity": "sha512-kQNKyM4ePAc4u9eR1c4OqrbAHH+3SJXt++8izIjeaZeg+P7yBtgoF/dogMD/JPPowNC74ACFpM/4op0Ggp/fPw=="
    },
    "spark-md5": {
      "version": "3.0.1",
      "resolved": "https://registry.npmjs.org/spark-md5/-/spark-md5-3.0.1.tgz",
      "integrity": "sha512-0tF3AGSD1ppQeuffsLDIOWlKUd3lS92tFxcsrh5Pe3ZphhnoK+oXIBTzOAThZCiuINZLvpiLH/1VS1/ANEJVig=="
    },
    "turbolinks": {
      "version": "5.2.0",
      "resolved": "https://registry.npmjs.org/turbolinks/-/turbolinks-5.2.0.tgz",
      "integrity": "sha512-pMiez3tyBo6uRHFNNZoYMmrES/IaGgMhQQM+VFF36keryjb5ms0XkVpmKHkfW/4Vy96qiGW3K9bz0tF5sK9bBw=="
    }
  }
}
